
Microsoft Visual Studio Solution File, Format Version 12.00
# Visual Studio Version 16
VisualStudioVersion = 16.0.30611.23
MinimumVisualStudioVersion = 10.0.40219.1
Project("{FAE04EC0-301F-11D3-BF4B-00C04F79EFBC}") = "Es1Thread", "Es1Thread\Es1Thread.csproj", "{530B102C-E1FF-4616-93F0-EDC27D9B14DD}"
EndProject
Global
	GlobalSection(SolutionConfigurationPlatforms) = preSolution
		Debug|Any CPU = Debug|Any CPU
		Release|Any CPU = Release|Any CPU
	EndGlobalSection
	GlobalSection(ProjectConfigurationPlatforms) = postSolution
		{530B102C-E1FF-4616-93F0-EDC27D9B14DD}.Debug|Any CPU.ActiveCfg = Debug|Any CPU
		{530B102C-E1FF-4616-93F0-EDC27D9B14DD}.Debug|Any CPU.Build.0 = Debug|Any CPU
		{530B102C-E1FF-4616-93F0-EDC27D9B14DD}.Release|Any CPU.ActiveCfg = Release|Any CPU
		{530B102C-E1FF-4616-93F0-EDC27D9B14DD}.Release|Any CPU.Build.0 = Release|Any CPU
	EndGlobalSection
	GlobalSection(SolutionProperties) = preSolution
		HideSolutionNode = FALSE
	EndGlobalSection
	GlobalSection(ExtensibilityGlobals) = postSolution
		SolutionGuid = {B970FF73-471D-4D41-820C-81F469F7E807}
	EndGlobalSection
EndGlobal
